
Microsoft Visual Studio Solution File, Format Version 12.00
# Visual Studio Version 16
VisualStudioVersion = 16.0.29411.108
MinimumVisualStudioVersion = 10.0.40219.1
Project("{FAE04EC0-301F-11D3-BF4B-00C04F79EFBC}") = "Activity", "TestAjax\Activity.csproj", "{3BF68DD7-DFC3-45ED-9177-2563A323079F}"
EndProject
Global
	GlobalSection(SolutionConfigurationPlatforms) = preSolution
		Debug|Any CPU = Debug|Any CPU
		Release|Any CPU = Release|Any CPU
	EndGlobalSection
	GlobalSection(ProjectConfigurationPlatforms) = postSolution
		{3BF68DD7-DFC3-45ED-9177-2563A323079F}.Debug|Any CPU.ActiveCfg = Debug|Any CPU
		{3BF68DD7-DFC3-45ED-9177-2563A323079F}.Debug|Any CPU.Build.0 = Debug|Any CPU
		{3BF68DD7-DFC3-45ED-9177-2563A323079F}.Release|Any CPU.ActiveCfg = Release|Any CPU
		{3BF68DD7-DFC3-45ED-9177-2563A323079F}.Release|Any CPU.Build.0 = Release|Any CPU
	EndGlobalSection
	GlobalSection(SolutionProperties) = preSolution
		HideSolutionNode = FALSE
	EndGlobalSection
	GlobalSection(ExtensibilityGlobals) = postSolution
		SolutionGuid = {7F651A4D-2A2E-43ED-A952-5343DC31007E}
	EndGlobalSection
EndGlobal
